// !$*UTF8*$!
{
	archiveVersion = 1;
	classes = {
	};
	objectVersion = 56;
	objects = {

/* Begin PBXBuildFile section */
		602A56C62FC0CDA5006191A9 /* WindowSwitcherViewController.m in Sources */ = {isa = PBXBuildFile; fileRef = 602A56C52FC0CDA5006191A9 /* WindowSwitcherViewController.m */; };
		602A56C92FC0D4C3006191A9 /* WindowCardCell.m in Sources */ = {isa = PBXBuildFile; fileRef = 602A56C82FC0D4C2006191A9 /* WindowCardCell.m */; };
		602A56CC2FC0E2E2006191A9 /* DockFlowLayout.m in Sources */ = {isa = PBXBuildFile; fileRef = 602A56CA2FC0E2E2006191A9 /* DockFlowLayout.m */; };
		602A56CF2FC10223006191A9 /* SandboxFileManager.m in Sources */ = {isa = PBXBuildFile; fileRef = 602A56CE2FC10223006191A9 /* SandboxFileManager.m */; };
		602A56D22FC1060F006191A9 /* FileOperationToolbar.m in Sources */ = {isa = PBXBuildFile; fileRef = 602A56D12FC1060F006191A9 /* FileOperationToolbar.m */; };
		602A56DA2FC41E0D006191A9 /* ItemEditorViewController.m in Sources */ = {isa = PBXBuildFile; fileRef = 602A56D52FC41E0C006191A9 /* ItemEditorViewController.m */; };
		602A56DB2FC41E0D006191A9 /* NestedEditorViewController.m in Sources */ = {isa = PBXBuildFile; fileRef = 602A56D82FC41E0D006191A9 /* NestedEditorViewController.m */; };
		602A56DC2FC41E0D006191A9 /* PlistEditorViewController.m in Sources */ = {isa = PBXBuildFile; fileRef = 602A56D92FC41E0D006191A9 /* PlistEditorViewController.m */; };
		60743A8C2FA74279007B4BF4 /* AppDelegate.m in Sources */ = {isa = PBXBuildFile; fileRef = 60743A8B2FA74279007B4BF4 /* AppDelegate.m */; };
		60743A8F2FA74279007B4BF4 /* SceneDelegate.m in Sources */ = {isa = PBXBuildFile; fileRef = 60743A8E2FA74279007B4BF4 /* SceneDelegate.m */; };
		60743A922FA74279007B4BF4 /* ViewController.m in Sources */ = {isa = PBXBuildFile; fileRef = 60743A912FA74279007B4BF4 /* ViewController.m */; };
		60743A952FA74279007B4BF4 /* Main.storyboard in Resources */ = {isa = PBXBuildFile; fileRef = 60743A932FA74279007B4BF4 /* Main.storyboard */; };
		60743A972FA7427B007B4BF4 /* Assets.xcassets in Resources */ = {isa = PBXBuildFile; fileRef = 60743A962FA7427B007B4BF4 /* Assets.xcassets */; };
		60743A9A2FA7427B007B4BF4 /* LaunchScreen.storyboard in Resources */ = {isa = PBXBuildFile; fileRef = 60743A982FA7427B007B4BF4 /* LaunchScreen.storyboard */; };
		60743A9D2FA7427B007B4BF4 /* main.m in Sources */ = {isa = PBXBuildFile; fileRef = 60743A9C2FA7427B007B4BF4 /* main.m */; };
		60743AD82FA742AC007B4BF4 /* SandboxTool.m in Sources */ = {isa = PBXBuildFile; fileRef = 60743AC12FA742AB007B4BF4 /* SandboxTool.m */; };
		60743AD92FA742AC007B4BF4 /* FileOperateTool.m in Sources */ = {isa = PBXBuildFile; fileRef = 60743AC22FA742AB007B4BF4 /* FileOperateTool.m */; };
		60743ADA2FA742AC007B4BF4 /* FileNotification.m in Sources */ = {isa = PBXBuildFile; fileRef = 60743AC92FA742AB007B4BF4 /* FileNotification.m */; };
		60743ADB2FA742AC007B4BF4 /* FileListCell.m in Sources */ = {isa = PBXBuildFile; fileRef = 60743ACD2FA742AB007B4BF4 /* FileListCell.m */; };
		60743ADC2FA742AC007B4BF4 /* FileModel.m in Sources */ = {isa = PBXBuildFile; fileRef = 60743AD02FA742AB007B4BF4 /* FileModel.m */; };
		60743ADD2FA742AC007B4BF4 /* FavoriteManager.m in Sources */ = {isa = PBXBuildFile; fileRef = 60743AD42FA742AC007B4BF4 /* FavoriteManager.m */; };
		60743ADE2FA742AC007B4BF4 /* FileListViewController.m in Sources */ = {isa = PBXBuildFile; fileRef = 60743AD62FA742AC007B4BF4 /* FileListViewController.m */; };
		60743AE12FA765E7007B4BF4 /* FileActionHandler.m in Sources */ = {isa = PBXBuildFile; fileRef = 60743AE02FA765E7007B4BF4 /* FileActionHandler.m */; };
		60743AE42FA76627007B4BF4 /* MobileCoreServices.framework in Frameworks */ = {isa = PBXBuildFile; fileRef = 60743AE32FA76627007B4BF4 /* MobileCoreServices.framework */; };
		60743AE72FA7662D007B4BF4 /* AVFoundation.framework in Frameworks */ = {isa = PBXBuildFile; fileRef = 60743AE52FA7662D007B4BF4 /* AVFoundation.framework */; };
		60743AE82FA7662D007B4BF4 /* AVFAudio.framework in Frameworks */ = {isa = PBXBuildFile; fileRef = 60743AE62FA7662D007B4BF4 /* AVFAudio.framework */; };
		60743AEA2FA76635007B4BF4 /* AudioToolbox.framework in Frameworks */ = {isa = PBXBuildFile; fileRef = 60743AE92FA76634007B4BF4 /* AudioToolbox.framework */; };
		60743AEC2FA7663E007B4BF4 /* SystemConfiguration.framework in Frameworks */ = {isa = PBXBuildFile; fileRef = 60743AEB2FA7663E007B4BF4 /* SystemConfiguration.framework */; };
		60743AEE2FA76643007B4BF4 /* libz.tbd in Frameworks */ = {isa = PBXBuildFile; fileRef = 60743AED2FA76643007B4BF4 /* libz.tbd */; };
		60743AF02FA7672B007B4BF4 /* AVKit.framework in Frameworks */ = {isa = PBXBuildFile; fileRef = 60743AEF2FA7672B007B4BF4 /* AVKit.framework */; };
		60743AF22FA76751007B4BF4 /* UniformTypeIdentifiers.framework in Frameworks */ = {isa = PBXBuildFile; fileRef = 60743AF12FA76751007B4BF4 /* UniformTypeIdentifiers.framework */; };
		60743B2C2FA771B5007B4BF4 /* libz.1.tbd in Frameworks */ = {isa = PBXBuildFile; fileRef = 60743B2B2FA771B5007B4BF4 /* libz.1.tbd */; };
		6093EA292FBF05F5006358F7 /* Podfile in Resources */ = {isa = PBXBuildFile; fileRef = 6093EA282FBF05F5006358F7 /* Podfile */; };
		60CFF6D82FB614E2004CBF4B /* RemarkManager.m in Sources */ = {isa = PBXBuildFile; fileRef = 60CFF6D62FB614E2004CBF4B /* RemarkManager.m */; };
		60CFF6DB2FB61754004CBF4B /* PhotosUI.framework in Frameworks */ = {isa = PBXBuildFile; fileRef = 60CFF6D92FB61754004CBF4B /* PhotosUI.framework */; };
		60CFF6DC2FB61754004CBF4B /* Photos.framework in Frameworks */ = {isa = PBXBuildFile; fileRef = 60CFF6DA2FB61754004CBF4B /* Photos.framework */; };
		60CFF6DF2FB61DCE004CBF4B /* FavoriteListViewController.m in Sources */ = {isa = PBXBuildFile; fileRef = 60CFF6DE2FB61DCE004CBF4B /* FavoriteListViewController.m */; };
		60CFF6E22FB6308F004CBF4B /* FilePreviewViewController.m in Sources */ = {isa = PBXBuildFile; fileRef = 60CFF6E02FB6308F004CBF4B /* FilePreviewViewController.m */; };
		60CFF6E52FB630A9004CBF4B /* QuickLookThumbnailing.framework in Frameworks */ = {isa = PBXBuildFile; fileRef = 60CFF6E32FB630A9004CBF4B /* QuickLookThumbnailing.framework */; };
		60CFF6E62FB630A9004CBF4B /* QuickLook.framework in Frameworks */ = {isa = PBXBuildFile; fileRef = 60CFF6E42FB630A9004CBF4B /* QuickLook.framework */; };
		60CFF6EA2FB630E8004CBF4B /* QuartzCore.framework in Frameworks */ = {isa = PBXBuildFile; fileRef = 60CFF6E92FB630E8004CBF4B /* QuartzCore.framework */; };
		60CFF77C2FB71CA2004CBF4B /* FileSelectionManager.m in Sources */ = {isa = PBXBuildFile; fileRef = 60CFF77B2FB71CA2004CBF4B /* FileSelectionManager.m */; };
		60CFF77F2FB722B3004CBF4B /* RootViewController.m in Sources */ = {isa = PBXBuildFile; fileRef = 60CFF77E2FB722B3004CBF4B /* RootViewController.m */; };
		60CFF7862FB722C7004CBF4B /* HistoryManager.m in Sources */ = {isa = PBXBuildFile; fileRef = 60CFF7822FB722C7004CBF4B /* HistoryManager.m */; };
		60CFF7872FB722C7004CBF4B /* RecycleBinManager.m in Sources */ = {isa = PBXBuildFile; fileRef = 60CFF7832FB722C7004CBF4B /* RecycleBinManager.m */; };
		60CFF7882FB722C7004CBF4B /* WindowManager.m in Sources */ = {isa = PBXBuildFile; fileRef = 60CFF7852FB722C7004CBF4B /* WindowManager.m */; };
		60CFF78B2FB73156004CBF4B /* RecycleBinViewController.m in Sources */ = {isa = PBXBuildFile; fileRef = 60CFF78A2FB73156004CBF4B /* RecycleBinViewController.m */; };
		60CFF7912FBC9489004CBF4B /* HistoryListViewController.m in Sources */ = {isa = PBXBuildFile; fileRef = 60CFF7902FBC9489004CBF4B /* HistoryListViewController.m */; };
		60CFF7942FBCA530004CBF4B /* FileSelectionViewController.m in Sources */ = {isa = PBXBuildFile; fileRef = 60CFF7932FBCA530004CBF4B /* FileSelectionViewController.m */; };
		60CFF7972FBCCBED004CBF4B /* FileListTableViewController.m in Sources */ = {isa = PBXBuildFile; fileRef = 60CFF7952FBCCBED004CBF4B /* FileListTableViewController.m */; };
		60CFF79A2FBCDAF1004CBF4B /* FileOpener.m in Sources */ = {isa = PBXBuildFile; fileRef = 60CFF7982FBCDAF1004CBF4B /* FileOpener.m */; };
		6E8F95FD5A1E583D5C5CD515 /* Pods_SandboxFileManager.framework in Frameworks */ = {isa = PBXBuildFile; fileRef = 627DA441D6C6EF05EEF2EDF4 /* Pods_SandboxFileManager.framework */; };
/* End PBXBuildFile section */

/* Begin PBXFileReference section */
		602A56C42FC0CDA5006191A9 /* WindowSwitcherViewController.h */ = {isa = PBXFileReference; fileEncoding = 4; lastKnownFileType = sourcecode.c.h; path = WindowSwitcherViewController.h; sourceTree = "<group>"; };
		602A56C52FC0CDA5006191A9 /* WindowSwitcherViewController.m */ = {isa = PBXFileReference; fileEncoding = 4; lastKnownFileType = sourcecode.c.objc; path = WindowSwitcherViewController.m; sourceTree = "<group>"; };
		602A56C72FC0D4C2006191A9 /* WindowCardCell.h */ = {isa = PBXFileReference; fileEncoding = 4; lastKnownFileType = sourcecode.c.h; path = WindowCardCell.h; sourceTree = "<group>"; };
		602A56C82FC0D4C2006191A9 /* WindowCardCell.m */ = {isa = PBXFileReference; fileEncoding = 4; lastKnownFileType = sourcecode.c.objc; path = WindowCardCell.m; sourceTree = "<group>"; };
		602A56CA2FC0E2E2006191A9 /* DockFlowLayout.m */ = {isa = PBXFileReference; fileEncoding = 4; lastKnownFileType = sourcecode.c.objc; path = DockFlowLayout.m; sourceTree = "<group>"; };
		602A56CB2FC0E2E2006191A9 /* DockFlowLayout.h */ = {isa = PBXFileReference; fileEncoding = 4; lastKnownFileType = sourcecode.c.h; path = DockFlowLayout.h; sourceTree = "<group>"; };
		602A56CD2FC10223006191A9 /* SandboxFileManager.h */ = {isa = PBXFileReference; fileEncoding = 4; lastKnownFileType = sourcecode.c.h; path = SandboxFileManager.h; sourceTree = "<group>"; };
		602A56CE2FC10223006191A9 /* SandboxFileManager.m */ = {isa = PBXFileReference; fileEncoding = 4; lastKnownFileType = sourcecode.c.objc; path = SandboxFileManager.m; sourceTree = "<group>"; };
		602A56D02FC1060F006191A9 /* FileOperationToolbar.h */ = {isa = PBXFileReference; fileEncoding = 4; lastKnownFileType = sourcecode.c.h; path = FileOperationToolbar.h; sourceTree = "<group>"; };
		602A56D12FC1060F006191A9 /* FileOperationToolbar.m */ = {isa = PBXFileReference; fileEncoding = 4; lastKnownFileType = sourcecode.c.objc; path = FileOperationToolbar.m; sourceTree = "<group>"; };
		602A56D42FC41E0C006191A9 /* PlistEditorViewController.h */ = {isa = PBXFileReference; fileEncoding = 4; lastKnownFileType = sourcecode.c.h; path = PlistEditorViewController.h; sourceTree = "<group>"; };
		602A56D52FC41E0C006191A9 /* ItemEditorViewController.m */ = {isa = PBXFileReference; fileEncoding = 4; lastKnownFileType = sourcecode.c.objc; path = ItemEditorViewController.m; sourceTree = "<group>"; };
		602A56D62FC41E0C006191A9 /* ItemEditorViewController.h */ = {isa = PBXFileReference; fileEncoding = 4; lastKnownFileType = sourcecode.c.h; path = ItemEditorViewController.h; sourceTree = "<group>"; };
		602A56D72FC41E0D006191A9 /* NestedEditorViewController.h */ = {isa = PBXFileReference; fileEncoding = 4; lastKnownFileType = sourcecode.c.h; path = NestedEditorViewController.h; sourceTree = "<group>"; };
		602A56D82FC41E0D006191A9 /* NestedEditorViewController.m */ = {isa = PBXFileReference; fileEncoding = 4; lastKnownFileType = sourcecode.c.objc; path = NestedEditorViewController.m; sourceTree = "<group>"; };
		602A56D92FC41E0D006191A9 /* PlistEditorViewController.m */ = {isa = PBXFileReference; fileEncoding = 4; lastKnownFileType = sourcecode.c.objc; path = PlistEditorViewController.m; sourceTree = "<group>"; };
		60743A872FA74279007B4BF4 /* SandboxFileManager.app */ = {isa = PBXFileReference; explicitFileType = wrapper.application; includeInIndex = 0; path = SandboxFileManager.app; sourceTree = BUILT_PRODUCTS_DIR; };
		60743A8A2FA74279007B4BF4 /* AppDelegate.h */ = {isa = PBXFileReference; lastKnownFileType = sourcecode.c.h; path = AppDelegate.h; sourceTree = "<group>"; };
		60743A8B2FA74279007B4BF4 /* AppDelegate.m */ = {isa = PBXFileReference; lastKnownFileType = sourcecode.c.objc; path = AppDelegate.m; sourceTree = "<group>"; };
		60743A8D2FA74279007B4BF4 /* SceneDelegate.h */ = {isa = PBXFileReference; lastKnownFileType = sourcecode.c.h; path = SceneDelegate.h; sourceTree = "<group>"; };
		60743A8E2FA74279007B4BF4 /* SceneDelegate.m */ = {isa = PBXFileReference; lastKnownFileType = sourcecode.c.objc; path = SceneDelegate.m; sourceTree = "<group>"; };
		60743A902FA74279007B4BF4 /* ViewController.h */ = {isa = PBXFileReference; lastKnownFileType = sourcecode.c.h; path = ViewController.h; sourceTree = "<group>"; };
		60743A912FA74279007B4BF4 /* ViewController.m */ = {isa = PBXFileReference; lastKnownFileType = sourcecode.c.objc; path = ViewController.m; sourceTree = "<group>"; };
		60743A942FA74279007B4BF4 /* Base */ = {isa = PBXFileReference; lastKnownFileType = file.storyboard; name = Base; path = Base.lproj/Main.storyboard; sourceTree = "<group>"; };
		60743A962FA7427B007B4BF4 /* Assets.xcassets */ = {isa = PBXFileReference; lastKnownFileType = folder.assetcatalog; path = Assets.xcassets; sourceTree = "<group>"; };
		60743A992FA7427B007B4BF4 /* Base */ = {isa = PBXFileReference; lastKnownFileType = file.storyboard; name = Base; path = Base.lproj/LaunchScreen.storyboard; sourceTree = "<group>"; };
		60743A9B2FA7427B007B4BF4 /* Info.plist */ = {isa = PBXFileReference; lastKnownFileType = text.plist.xml; path = Info.plist; sourceTree = "<group>"; };
		60743A9C2FA7427B007B4BF4 /* main.m */ = {isa = PBXFileReference; lastKnownFileType = sourcecode.c.objc; path = main.m; sourceTree = "<group>"; };
		60743AC12FA742AB007B4BF4 /* SandboxTool.m */ = {isa = PBXFileReference; fileEncoding = 4; lastKnownFileType = sourcecode.c.objc; path = SandboxTool.m; sourceTree = "<group>"; };
		60743AC22FA742AB007B4BF4 /* FileOperateTool.m */ = {isa = PBXFileReference; fileEncoding = 4; lastKnownFileType = sourcecode.c.objc; path = FileOperateTool.m; sourceTree = "<group>"; };
		60743AC32FA742AB007B4BF4 /* FileOperateTool.h */ = {isa = PBXFileReference; fileEncoding = 4; lastKnownFileType = sourcecode.c.h; path = FileOperateTool.h; sourceTree = "<group>"; };
		60743AC42FA742AB007B4BF4 /* SandboxTool.h */ = {isa = PBXFileReference; fileEncoding = 4; lastKnownFileType = sourcecode.c.h; path = SandboxTool.h; sourceTree = "<group>"; };
		60743AC62FA742AB007B4BF4 /* FileEnum.h */ = {isa = PBXFileReference; fileEncoding = 4; lastKnownFileType = sourcecode.c.h; path = FileEnum.h; sourceTree = "<group>"; };
		60743AC82FA742AB007B4BF4 /* FileNotification.h */ = {isa = PBXFileReference; fileEncoding = 4; lastKnownFileType = sourcecode.c.h; path = FileNotification.h; sourceTree = "<group>"; };
		60743AC92FA742AB007B4BF4 /* FileNotification.m */ = {isa = PBXFileReference; fileEncoding = 4; lastKnownFileType = sourcecode.c.objc; path = FileNotification.m; sourceTree = "<group>"; };
		60743ACB2FA742AB007B4BF4 /* FileManagerDelegate.h */ = {isa = PBXFileReference; fileEncoding = 4; lastKnownFileType = sourcecode.c.h; path = FileManagerDelegate.h; sourceTree = "<group>"; };
		60743ACD2FA742AB007B4BF4 /* FileListCell.m */ = {isa = PBXFileReference; fileEncoding = 4; lastKnownFileType = sourcecode.c.objc; path = FileListCell.m; sourceTree = "<group>"; };
		60743ACE2FA742AB007B4BF4 /* FileListCell.h */ = {isa = PBXFileReference; fileEncoding = 4; lastKnownFileType = sourcecode.c.h; path = FileListCell.h; sourceTree = "<group>"; };
		60743AD02FA742AB007B4BF4 /* FileModel.m */ = {isa = PBXFileReference; fileEncoding = 4; lastKnownFileType = sourcecode.c.objc; path = FileModel.m; sourceTree = "<group>"; };
		60743AD12FA742AB007B4BF4 /* FileModel.h */ = {isa = PBXFileReference; fileEncoding = 4; lastKnownFileType = sourcecode.c.h; path = FileModel.h; sourceTree = "<group>"; };
		60743AD32FA742AC007B4BF4 /* FavoriteManager.h */ = {isa = PBXFileReference; fileEncoding = 4; lastKnownFileType = sourcecode.c.h; path = FavoriteManager.h; sourceTree = "<group>"; };
		60743AD42FA742AC007B4BF4 /* FavoriteManager.m */ = {isa = PBXFileReference; fileEncoding = 4; lastKnownFileType = sourcecode.c.objc; path = FavoriteManager.m; sourceTree = "<group>"; };
		60743AD62FA742AC007B4BF4 /* FileListViewController.m */ = {isa = PBXFileReference; fileEncoding = 4; lastKnownFileType = sourcecode.c.objc; path = FileListViewController.m; sourceTree = "<group>"; };
		60743AD72FA742AC007B4BF4 /* FileListViewController.h */ = {isa = PBXFileReference; fileEncoding = 4; lastKnownFileType = sourcecode.c.h; path = FileListViewController.h; sourceTree = "<group>"; };
		60743ADF2FA765E7007B4BF4 /* FileActionHandler.h */ = {isa = PBXFileReference; fileEncoding = 4; lastKnownFileType = sourcecode.c.h; path = FileActionHandler.h; sourceTree = "<group>"; };
		60743AE02FA765E7007B4BF4 /* FileActionHandler.m */ = {isa = PBXFileReference; fileEncoding = 4; lastKnownFileType = sourcecode.c.objc; path = FileActionHandler.m; sourceTree = "<group>"; };
		60743AE32FA76627007B4BF4 /* MobileCoreServices.framework */ = {isa = PBXFileReference; lastKnownFileType = wrapper.framework; name = MobileCoreServices.framework; path = System/Library/Frameworks/MobileCoreServices.framework; sourceTree = SDKROOT; };
		60743AE52FA7662D007B4BF4 /* AVFoundation.framework */ = {isa = PBXFileReference; lastKnownFileType = wrapper.framework; name = AVFoundation.framework; path = System/Library/Frameworks/AVFoundation.framework; sourceTree = SDKROOT; };
		60743AE62FA7662D007B4BF4 /* AVFAudio.framework */ = {isa = PBXFileReference; lastKnownFileType = wrapper.framework; name = AVFAudio.framework; path = System/Library/Frameworks/AVFAudio.framework; sourceTree = SDKROOT; };
		60743AE92FA76634007B4BF4 /* AudioToolbox.framework */ = {isa = PBXFileReference; lastKnownFileType = wrapper.framework; name = AudioToolbox.framework; path = System/Library/Frameworks/AudioToolbox.framework; sourceTree = SDKROOT; };
		60743AEB2FA7663E007B4BF4 /* SystemConfiguration.framework */ = {isa = PBXFileReference; lastKnownFileType = wrapper.framework; name = SystemConfiguration.framework; path = System/Library/Frameworks/SystemConfiguration.framework; sourceTree = SDKROOT; };
		60743AED2FA76643007B4BF4 /* libz.tbd */ = {isa = PBXFileReference; lastKnownFileType = "sourcecode.text-based-dylib-definition"; name = libz.tbd; path = usr/lib/libz.tbd; sourceTree = SDKROOT; };
		60743AEF2FA7672B007B4BF4 /* AVKit.framework */ = {isa = PBXFileReference; lastKnownFileType = wrapper.framework; name = AVKit.framework; path = System/Library/Frameworks/AVKit.framework; sourceTree = SDKROOT; };
		60743AF12FA76751007B4BF4 /* UniformTypeIdentifiers.framework */ = {isa = PBXFileReference; lastKnownFileType = wrapper.framework; name = UniformTypeIdentifiers.framework; path = System/Library/Frameworks/UniformTypeIdentifiers.framework; sourceTree = SDKROOT; };
		60743B2B2FA771B5007B4BF4 /* libz.1.tbd */ = {isa = PBXFileReference; lastKnownFileType = "sourcecode.text-based-dylib-definition"; name = libz.1.tbd; path = usr/lib/libz.1.tbd; sourceTree = SDKROOT; };
		6093EA282FBF05F5006358F7 /* Podfile */ = {isa = PBXFileReference; fileEncoding = 4; lastKnownFileType = text; path = Podfile; sourceTree = SOURCE_ROOT; xcLanguageSpecificationIdentifier = xcode.lang.ruby; };
		60CFF6D62FB614E2004CBF4B /* RemarkManager.m */ = {isa = PBXFileReference; fileEncoding = 4; lastKnownFileType = sourcecode.c.objc; path = RemarkManager.m; sourceTree = "<group>"; };
		60CFF6D72FB614E2004CBF4B /* RemarkManager.h */ = {isa = PBXFileReference; fileEncoding = 4; lastKnownFileType = sourcecode.c.h; path = RemarkManager.h; sourceTree = "<group>"; };
		60CFF6D92FB61754004CBF4B /* PhotosUI.framework */ = {isa = PBXFileReference; lastKnownFileType = wrapper.framework; name = PhotosUI.framework; path = System/Library/Frameworks/PhotosUI.framework; sourceTree = SDKROOT; };
		60CFF6DA2FB61754004CBF4B /* Photos.framework */ = {isa = PBXFileReference; lastKnownFileType = wrapper.framework; name = Photos.framework; path = System/Library/Frameworks/Photos.framework; sourceTree = SDKROOT; };
		60CFF6DD2FB61DCE004CBF4B /* FavoriteListViewController.h */ = {isa = PBXFileReference; fileEncoding = 4; lastKnownFileType = sourcecode.c.h; path = FavoriteListViewController.h; sourceTree = "<group>"; };
		60CFF6DE2FB61DCE004CBF4B /* FavoriteListViewController.m */ = {isa = PBXFileReference; fileEncoding = 4; lastKnownFileType = sourcecode.c.objc; path = FavoriteListViewController.m; sourceTree = "<group>"; };
		60CFF6E02FB6308F004CBF4B /* FilePreviewViewController.m */ = {isa = PBXFileReference; fileEncoding = 4; lastKnownFileType = sourcecode.c.objc; path = FilePreviewViewController.m; sourceTree = "<group>"; };
		60CFF6E12FB6308F004CBF4B /* FilePreviewViewController.h */ = {isa = PBXFileReference; fileEncoding = 4; lastKnownFileType = sourcecode.c.h; path = FilePreviewViewController.h; sourceTree = "<group>"; };
		60CFF6E32FB630A9004CBF4B /* QuickLookThumbnailing.framework */ = {isa = PBXFileReference; lastKnownFileType = wrapper.framework; name = QuickLookThumbnailing.framework; path = System/Library/Frameworks/QuickLookThumbnailing.framework; sourceTree = SDKROOT; };
		60CFF6E42FB630A9004CBF4B /* QuickLook.framework */ = {isa = PBXFileReference; lastKnownFileType = wrapper.framework; name = QuickLook.framework; path = System/Library/Frameworks/QuickLook.framework; sourceTree = SDKROOT; };
		60CFF6E72FB630C8004CBF4B /* AudioUnit.framework */ = {isa = PBXFileReference; lastKnownFileType = wrapper.framework; name = AudioUnit.framework; path = System/Library/Frameworks/AudioUnit.framework; sourceTree = SDKROOT; };
		60CFF6E92FB630E8004CBF4B /* QuartzCore.framework */ = {isa = PBXFileReference; lastKnownFileType = wrapper.framework; name = QuartzCore.framework; path = System/Library/Frameworks/QuartzCore.framework; sourceTree = SDKROOT; };
		60CFF77A2FB71CA2004CBF4B /* FileSelectionManager.h */ = {isa = PBXFileReference; fileEncoding = 4; lastKnownFileType = sourcecode.c.h; path = FileSelectionManager.h; sourceTree = "<group>"; };
		60CFF77B2FB71CA2004CBF4B /* FileSelectionManager.m */ = {isa = PBXFileReference; fileEncoding = 4; lastKnownFileType = sourcecode.c.objc; path = FileSelectionManager.m; sourceTree = "<group>"; };
		60CFF77D2FB722B3004CBF4B /* RootViewController.h */ = {isa = PBXFileReference; fileEncoding = 4; lastKnownFileType = sourcecode.c.h; path = RootViewController.h; sourceTree = "<group>"; };
		60CFF77E2FB722B3004CBF4B /* RootViewController.m */ = {isa = PBXFileReference; fileEncoding = 4; lastKnownFileType = sourcecode.c.objc; path = RootViewController.m; sourceTree = "<group>"; };
		60CFF7802FB722C7004CBF4B /* HistoryManager.h */ = {isa = PBXFileReference; fileEncoding = 4; lastKnownFileType = sourcecode.c.h; path = HistoryManager.h; sourceTree = "<group>"; };
		60CFF7812FB722C7004CBF4B /* RecycleBinManager.h */ = {isa = PBXFileReference; fileEncoding = 4; lastKnownFileType = sourcecode.c.h; path = RecycleBinManager.h; sourceTree = "<group>"; };
		60CFF7822FB722C7004CBF4B /* HistoryManager.m */ = {isa = PBXFileReference; fileEncoding = 4; lastKnownFileType = sourcecode.c.objc; path = HistoryManager.m; sourceTree = "<group>"; };
		60CFF7832FB722C7004CBF4B /* RecycleBinManager.m */ = {isa = PBXFileReference; fileEncoding = 4; lastKnownFileType = sourcecode.c.objc; path = RecycleBinManager.m; sourceTree = "<group>"; };
		60CFF7842FB722C7004CBF4B /* WindowManager.h */ = {isa = PBXFileReference; fileEncoding = 4; lastKnownFileType = sourcecode.c.h; path = WindowManager.h; sourceTree = "<group>"; };
		60CFF7852FB722C7004CBF4B /* WindowManager.m */ = {isa = PBXFileReference; fileEncoding = 4; lastKnownFileType = sourcecode.c.objc; path = WindowManager.m; sourceTree = "<group>"; };
		60CFF7892FB73156004CBF4B /* RecycleBinViewController.h */ = {isa = PBXFileReference; fileEncoding = 4; lastKnownFileType = sourcecode.c.h; path = RecycleBinViewController.h; sourceTree = "<group>"; };
		60CFF78A2FB73156004CBF4B /* RecycleBinViewController.m */ = {isa = PBXFileReference; fileEncoding = 4; lastKnownFileType = sourcecode.c.objc; path = RecycleBinViewController.m; sourceTree = "<group>"; };
		60CFF78F2FBC9489004CBF4B /* HistoryListViewController.h */ = {isa = PBXFileReference; fileEncoding = 4; lastKnownFileType = sourcecode.c.h; path = HistoryListViewController.h; sourceTree = "<group>"; };
		60CFF7902FBC9489004CBF4B /* HistoryListViewController.m */ = {isa = PBXFileReference; fileEncoding = 4; lastKnownFileType = sourcecode.c.objc; path = HistoryListViewController.m; sourceTree = "<group>"; };
		60CFF7922FBCA530004CBF4B /* FileSelectionViewController.h */ = {isa = PBXFileReference; lastKnownFileType = sourcecode.c.h; path = FileSelectionViewController.h; sourceTree = "<group>"; };
		60CFF7932FBCA530004CBF4B /* FileSelectionViewController.m */ = {isa = PBXFileReference; lastKnownFileType = sourcecode.c.objc; path = FileSelectionViewController.m; sourceTree = "<group>"; };
		60CFF7952FBCCBED004CBF4B /* FileListTableViewController.m */ = {isa = PBXFileReference; fileEncoding = 4; lastKnownFileType = sourcecode.c.objc; path = FileListTableViewController.m; sourceTree = "<group>"; };
		60CFF7962FBCCBED004CBF4B /* FileListTableViewController.h */ = {isa = PBXFileReference; fileEncoding = 4; lastKnownFileType = sourcecode.c.h; path = FileListTableViewController.h; sourceTree = "<group>"; };
		60CFF7982FBCDAF1004CBF4B /* FileOpener.m */ = {isa = PBXFileReference; fileEncoding = 4; lastKnownFileType = sourcecode.c.objc; path = FileOpener.m; sourceTree = "<group>"; };
		60CFF7992FBCDAF1004CBF4B /* FileOpener.h */ = {isa = PBXFileReference; fileEncoding = 4; lastKnownFileType = sourcecode.c.h; path = FileOpener.h; sourceTree = "<group>"; };
		627DA441D6C6EF05EEF2EDF4 /* Pods_SandboxFileManager.framework */ = {isa = PBXFileReference; explicitFileType = wrapper.framework; includeInIndex = 0; path = Pods_SandboxFileManager.framework; sourceTree = BUILT_PRODUCTS_DIR; };
		996380A3E9504366D481485A /* Pods-SandboxFileManager.debug.xcconfig */ = {isa = PBXFileReference; includeInIndex = 1; lastKnownFileType = text.xcconfig; name = "Pods-SandboxFileManager.debug.xcconfig"; path = "Target Support Files/Pods-SandboxFileManager/Pods-SandboxFileManager.debug.xcconfig"; sourceTree = "<group>"; };
		E5E4A27F7719BF47B4185014 /* Pods-SandboxFileManager.release.xcconfig */ = {isa = PBXFileReference; includeInIndex = 1; lastKnownFileType = text.xcconfig; name = "Pods-SandboxFileManager.release.xcconfig"; path = "Target Support Files/Pods-SandboxFileManager/Pods-SandboxFileManager.release.xcconfig"; sourceTree = "<group>"; };
/* End PBXFileReference section */

/* Begin PBXFrameworksBuildPhase section */
		60743A842FA74279007B4BF4 /* Frameworks */ = {
			isa = PBXFrameworksBuildPhase;
			buildActionMask = 2147483647;
			files = (
				60743AF02FA7672B007B4BF4 /* AVKit.framework in Frameworks */,
				60CFF6EA2FB630E8004CBF4B /* QuartzCore.framework in Frameworks */,
				60CFF6E62FB630A9004CBF4B /* QuickLook.framework in Frameworks */,
				60CFF6E52FB630A9004CBF4B /* QuickLookThumbnailing.framework in Frameworks */,
				60CFF6DC2FB61754004CBF4B /* Photos.framework in Frameworks */,
				60CFF6DB2FB61754004CBF4B /* PhotosUI.framework in Frameworks */,
				60743AEA2FA76635007B4BF4 /* AudioToolbox.framework in Frameworks */,
				60743AE82FA7662D007B4BF4 /* AVFAudio.framework in Frameworks */,
				60743AE72FA7662D007B4BF4 /* AVFoundation.framework in Frameworks */,
				60743B2C2FA771B5007B4BF4 /* libz.1.tbd in Frameworks */,
				60743AEE2FA76643007B4BF4 /* libz.tbd in Frameworks */,
				60743AF22FA76751007B4BF4 /* UniformTypeIdentifiers.framework in Frameworks */,
				60743AEC2FA7663E007B4BF4 /* SystemConfiguration.framework in Frameworks */,
				60743AE42FA76627007B4BF4 /* MobileCoreServices.framework in Frameworks */,
				6E8F95FD5A1E583D5C5CD515 /* Pods_SandboxFileManager.framework in Frameworks */,
			);
			runOnlyForDeploymentPostprocessing = 0;
		};
/* End PBXFrameworksBuildPhase section */

/* Begin PBXGroup section */
		602A56D32FC41E03006191A9 /* plist */ = {
			isa = PBXGroup;
			children = (
				602A56D62FC41E0C006191A9 /* ItemEditorViewController.h */,
				602A56D52FC41E0C006191A9 /* ItemEditorViewController.m */,
				602A56D72FC41E0D006191A9 /* NestedEditorViewController.h */,
				602A56D82FC41E0D006191A9 /* NestedEditorViewController.m */,
				602A56D42FC41E0C006191A9 /* PlistEditorViewController.h */,
				602A56D92FC41E0D006191A9 /* PlistEditorViewController.m */,
			);
			path = plist;
			sourceTree = "<group>";
		};
		60743A7E2FA74279007B4BF4 = {
			isa = PBXGroup;
			children = (
				60743A892FA74279007B4BF4 /* SandboxFileManager */,
				60743A882FA74279007B4BF4 /* Products */,
				60743AE22FA76627007B4BF4 /* Frameworks */,
				F1D82E0C0E7CCFDA465AD38D /* Pods */,
			);
			sourceTree = "<group>";
		};
		60743A882FA74279007B4BF4 /* Products */ = {
			isa = PBXGroup;
			children = (
				60743A872FA74279007B4BF4 /* SandboxFileManager.app */,
			);
			name = Products;
			sourceTree = "<group>";
		};
		60743A892FA74279007B4BF4 /* SandboxFileManager */ = {
			isa = PBXGroup;
			children = (
				60743AD52FA742AC007B4BF4 /* Controllers */,
				60743AC52FA742AB007B4BF4 /* Enum */,
				60743AD22FA742AC007B4BF4 /* Managers */,
				60743ACF2FA742AB007B4BF4 /* Models */,
				60743AC72FA742AB007B4BF4 /* Notifications */,
				60743ACA2FA742AB007B4BF4 /* Protocols */,
				60743AC02FA742AB007B4BF4 /* Tools */,
				60743ACC2FA742AB007B4BF4 /* Views */,
				60743A8A2FA74279007B4BF4 /* AppDelegate.h */,
				60743A8B2FA74279007B4BF4 /* AppDelegate.m */,
				60743A8D2FA74279007B4BF4 /* SceneDelegate.h */,
				60743A8E2FA74279007B4BF4 /* SceneDelegate.m */,
				60743A902FA74279007B4BF4 /* ViewController.h */,
				60743A912FA74279007B4BF4 /* ViewController.m */,
				60743A932FA74279007B4BF4 /* Main.storyboard */,
				6093EA282FBF05F5006358F7 /* Podfile */,
				60743A962FA7427B007B4BF4 /* Assets.xcassets */,
				60743A982FA7427B007B4BF4 /* LaunchScreen.storyboard */,
				60743A9B2FA7427B007B4BF4 /* Info.plist */,
				60743A9C2FA7427B007B4BF4 /* main.m */,
			);
			path = SandboxFileManager;
			sourceTree = "<group>";
		};
		60743AC02FA742AB007B4BF4 /* Tools */ = {
			isa = PBXGroup;
			children = (
				60CFF7992FBCDAF1004CBF4B /* FileOpener.h */,
				60CFF7982FBCDAF1004CBF4B /* FileOpener.m */,
				60CFF6D72FB614E2004CBF4B /* RemarkManager.h */,
				60CFF6D62FB614E2004CBF4B /* RemarkManager.m */,
				60743ADF2FA765E7007B4BF4 /* FileActionHandler.h */,
				60743AE02FA765E7007B4BF4 /* FileActionHandler.m */,
				60743AC32FA742AB007B4BF4 /* FileOperateTool.h */,
				60743AC22FA742AB007B4BF4 /* FileOperateTool.m */,
				60743AC42FA742AB007B4BF4 /* SandboxTool.h */,
				60743AC12FA742AB007B4BF4 /* SandboxTool.m */,
			);
			path = Tools;
			sourceTree = "<group>";
		};
		60743AC52FA742AB007B4BF4 /* Enum */ = {
			isa = PBXGroup;
			children = (
				60743AC62FA742AB007B4BF4 /* FileEnum.h */,
			);
			path = Enum;
			sourceTree = "<group>";
		};
		60743AC72FA742AB007B4BF4 /* Notifications */ = {
			isa = PBXGroup;
			children = (
				60743AC82FA742AB007B4BF4 /* FileNotification.h */,
				60743AC92FA742AB007B4BF4 /* FileNotification.m */,
			);
			path = Notifications;
			sourceTree = "<group>";
		};
		60743ACA2FA742AB007B4BF4 /* Protocols */ = {
			isa = PBXGroup;
			children = (
				60743ACB2FA742AB007B4BF4 /* FileManagerDelegate.h */,
			);
			path = Protocols;
			sourceTree = "<group>";
		};
		60743ACC2FA742AB007B4BF4 /* Views */ = {
			isa = PBXGroup;
			children = (
				602A56CB2FC0E2E2006191A9 /* DockFlowLayout.h */,
				602A56CA2FC0E2E2006191A9 /* DockFlowLayout.m */,
				602A56C72FC0D4C2006191A9 /* WindowCardCell.h */,
				602A56C82FC0D4C2006191A9 /* WindowCardCell.m */,
				60743ACD2FA742AB007B4BF4 /* FileListCell.m */,
				60743ACE2FA742AB007B4BF4 /* FileListCell.h */,
				602A56D02FC1060F006191A9 /* FileOperationToolbar.h */,
				602A56D12FC1060F006191A9 /* FileOperationToolbar.m */,
			);
			path = Views;
			sourceTree = "<group>";
		};
		60743ACF2FA742AB007B4BF4 /* Models */ = {
			isa = PBXGroup;
			children = (
				60743AD02FA742AB007B4BF4 /* FileModel.m */,
				60743AD12FA742AB007B4BF4 /* FileModel.h */,
			);
			path = Models;
			sourceTree = "<group>";
		};
		60743AD22FA742AC007B4BF4 /* Managers */ = {
			isa = PBXGroup;
			children = (
				602A56CD2FC10223006191A9 /* SandboxFileManager.h */,
				602A56CE2FC10223006191A9 /* SandboxFileManager.m */,
				60CFF7802FB722C7004CBF4B /* HistoryManager.h */,
				60CFF7822FB722C7004CBF4B /* HistoryManager.m */,
				60CFF7812FB722C7004CBF4B /* RecycleBinManager.h */,
				60CFF7832FB722C7004CBF4B /* RecycleBinManager.m */,
				60CFF7842FB722C7004CBF4B /* WindowManager.h */,
				60CFF7852FB722C7004CBF4B /* WindowManager.m */,
				60CFF77A2FB71CA2004CBF4B /* FileSelectionManager.h */,
				60CFF77B2FB71CA2004CBF4B /* FileSelectionManager.m */,
				60743AD32FA742AC007B4BF4 /* FavoriteManager.h */,
				60743AD42FA742AC007B4BF4 /* FavoriteManager.m */,
			);
			path = Managers;
			sourceTree = "<group>";
		};
		60743AD52FA742AC007B4BF4 /* Controllers */ = {
			isa = PBXGroup;
			children = (
				602A56D32FC41E03006191A9 /* plist */,
				60CFF6DD2FB61DCE004CBF4B /* FavoriteListViewController.h */,
				60CFF6DE2FB61DCE004CBF4B /* FavoriteListViewController.m */,
				60CFF7962FBCCBED004CBF4B /* FileListTableViewController.h */,
				60CFF7952FBCCBED004CBF4B /* FileListTableViewController.m */,
				60743AD72FA742AC007B4BF4 /* FileListViewController.h */,
				60743AD62FA742AC007B4BF4 /* FileListViewController.m */,
				60CFF6E12FB6308F004CBF4B /* FilePreviewViewController.h */,
				60CFF6E02FB6308F004CBF4B /* FilePreviewViewController.m */,
				60CFF7922FBCA530004CBF4B /* FileSelectionViewController.h */,
				60CFF7932FBCA530004CBF4B /* FileSelectionViewController.m */,
				60CFF78F2FBC9489004CBF4B /* HistoryListViewController.h */,
				60CFF7902FBC9489004CBF4B /* HistoryListViewController.m */,
				60CFF7892FB73156004CBF4B /* RecycleBinViewController.h */,
				60CFF78A2FB73156004CBF4B /* RecycleBinViewController.m */,
				60CFF77D2FB722B3004CBF4B /* RootViewController.h */,
				60CFF77E2FB722B3004CBF4B /* RootViewController.m */,
				602A56C42FC0CDA5006191A9 /* WindowSwitcherViewController.h */,
				602A56C52FC0CDA5006191A9 /* WindowSwitcherViewController.m */,
			);
			path = Controllers;
			sourceTree = "<group>";
		};
		60743AE22FA76627007B4BF4 /* Frameworks */ = {
			isa = PBXGroup;
			children = (
				60CFF6E92FB630E8004CBF4B /* QuartzCore.framework */,
				60CFF6E72FB630C8004CBF4B /* AudioUnit.framework */,
				60CFF6E42FB630A9004CBF4B /* QuickLook.framework */,
				60CFF6E32FB630A9004CBF4B /* QuickLookThumbnailing.framework */,
				60CFF6DA2FB61754004CBF4B /* Photos.framework */,
				60CFF6D92FB61754004CBF4B /* PhotosUI.framework */,
				60743B2B2FA771B5007B4BF4 /* libz.1.tbd */,
				60743AF12FA76751007B4BF4 /* UniformTypeIdentifiers.framework */,
				60743AEF2FA7672B007B4BF4 /* AVKit.framework */,
				60743AED2FA76643007B4BF4 /* libz.tbd */,
				60743AEB2FA7663E007B4BF4 /* SystemConfiguration.framework */,
				60743AE92FA76634007B4BF4 /* AudioToolbox.framework */,
				60743AE62FA7662D007B4BF4 /* AVFAudio.framework */,
				60743AE52FA7662D007B4BF4 /* AVFoundation.framework */,
				60743AE32FA76627007B4BF4 /* MobileCoreServices.framework */,
				627DA441D6C6EF05EEF2EDF4 /* Pods_SandboxFileManager.framework */,
			);
			name = Frameworks;
			sourceTree = "<group>";
		};
		F1D82E0C0E7CCFDA465AD38D /* Pods */ = {
			isa = PBXGroup;
			children = (
				996380A3E9504366D481485A /* Pods-SandboxFileManager.debug.xcconfig */,
				E5E4A27F7719BF47B4185014 /* Pods-SandboxFileManager.release.xcconfig */,
			);
			path = Pods;
			sourceTree = "<group>";
		};
/* End PBXGroup section */

/* Begin PBXNativeTarget section */
		60743A862FA74279007B4BF4 /* SandboxFileManager */ = {
			isa = PBXNativeTarget;
			buildConfigurationList = 60743AB62FA7427B007B4BF4 /* Build configuration list for PBXNativeTarget "SandboxFileManager" */;
			buildPhases = (
				44887756D8547D0CE1E6CD88 /* [CP] Check Pods Manifest.lock */,
				60743A832FA74279007B4BF4 /* Sources */,
				60743A842FA74279007B4BF4 /* Frameworks */,
				60743A852FA74279007B4BF4 /* Resources */,
				1A739B63B0C4769C58CE5414 /* [CP] Embed Pods Frameworks */,
			);
			buildRules = (
			);
			dependencies = (
			);
			name = SandboxFileManager;
			productName = SandboxFileManager;
			productReference = 60743A872FA74279007B4BF4 /* SandboxFileManager.app */;
			productType = "com.apple.product-type.application";
		};
/* End PBXNativeTarget section */

/* Begin PBXProject section */
		60743A7F2FA74279007B4BF4 /* Project object */ = {
			isa = PBXProject;
			attributes = {
				BuildIndependentTargetsInParallel = 1;
				LastUpgradeCheck = 1520;
				TargetAttributes = {
					60743A862FA74279007B4BF4 = {
						CreatedOnToolsVersion = 15.2;
					};
				};
			};
			buildConfigurationList = 60743A822FA74279007B4BF4 /* Build configuration list for PBXProject "SandboxFileManager" */;
			compatibilityVersion = "Xcode 14.0";
			developmentRegion = en;
			hasScannedForEncodings = 0;
			knownRegions = (
				en,
				Base,
			);
			mainGroup = 60743A7E2FA74279007B4BF4;
			productRefGroup = 60743A882FA74279007B4BF4 /* Products */;
			projectDirPath = "";
			projectRoot = "";
			targets = (
				60743A862FA74279007B4BF4 /* SandboxFileManager */,
			);
		};
/* End PBXProject section */

/* Begin PBXResourcesBuildPhase section */
		60743A852FA74279007B4BF4 /* Resources */ = {
			isa = PBXResourcesBuildPhase;
			buildActionMask = 2147483647;
			files = (
				60743A9A2FA7427B007B4BF4 /* LaunchScreen.storyboard in Resources */,
				60743A972FA7427B007B4BF4 /* Assets.xcassets in Resources */,
				6093EA292FBF05F5006358F7 /* Podfile in Resources */,
				60743A952FA74279007B4BF4 /* Main.storyboard in Resources */,
			);
			runOnlyForDeploymentPostprocessing = 0;
		};
/* End PBXResourcesBuildPhase section */

/* Begin PBXShellScriptBuildPhase section */
		1A739B63B0C4769C58CE5414 /* [CP] Embed Pods Frameworks */ = {
			isa = PBXShellScriptBuildPhase;
			buildActionMask = 2147483647;
			files = (
			);
			inputFileListPaths = (
				"${PODS_ROOT}/Target Support Files/Pods-SandboxFileManager/Pods-SandboxFileManager-frameworks-${CONFIGURATION}-input-files.xcfilelist",
			);
			name = "[CP] Embed Pods Frameworks";
			outputFileListPaths = (
				"${PODS_ROOT}/Target Support Files/Pods-SandboxFileManager/Pods-SandboxFileManager-frameworks-${CONFIGURATION}-output-files.xcfilelist",
			);
			runOnlyForDeploymentPostprocessing = 0;
			shellPath = /bin/sh;
			shellScript = "\"${PODS_ROOT}/Target Support Files/Pods-SandboxFileManager/Pods-SandboxFileManager-frameworks.sh\"\n";
			showEnvVarsInLog = 0;
		};
		44887756D8547D0CE1E6CD88 /* [CP] Check Pods Manifest.lock */ = {
			isa = PBXShellScriptBuildPhase;
			buildActionMask = 2147483647;
			files = (
			);
			inputFileListPaths = (
			);
			inputPaths = (
				"${PODS_PODFILE_DIR_PATH}/Podfile.lock",
				"${PODS_ROOT}/Manifest.lock",
			);
			name = "[CP] Check Pods Manifest.lock";
			outputFileListPaths = (
			);
			outputPaths = (
				"$(DERIVED_FILE_DIR)/Pods-SandboxFileManager-checkManifestLockResult.txt",
			);
			runOnlyForDeploymentPostprocessing = 0;
			shellPath = /bin/sh;
			shellScript = "diff \"${PODS_PODFILE_DIR_PATH}/Podfile.lock\" \"${PODS_ROOT}/Manifest.lock\" > /dev/null\nif [ $? != 0 ] ; then\n    # print error to STDERR\n    echo \"error: The sandbox is not in sync with the Podfile.lock. Run 'pod install' or update your CocoaPods installation.\" >&2\n    exit 1\nfi\n# This output is used by Xcode 'outputs' to avoid re-running this script phase.\necho \"SUCCESS\" > \"${SCRIPT_OUTPUT_FILE_0}\"\n";
			showEnvVarsInLog = 0;
		};
/* End PBXShellScriptBuildPhase section */

/* Begin PBXSourcesBuildPhase section */
		60743A832FA74279007B4BF4 /* Sources */ = {
			isa = PBXSourcesBuildPhase;
			buildActionMask = 2147483647;
			files = (
				60743ADC2FA742AC007B4BF4 /* FileModel.m in Sources */,
				60743AD92FA742AC007B4BF4 /* FileOperateTool.m in Sources */,
				60743AE12FA765E7007B4BF4 /* FileActionHandler.m in Sources */,
				60743ADE2FA742AC007B4BF4 /* FileListViewController.m in Sources */,
				60CFF6DF2FB61DCE004CBF4B /* FavoriteListViewController.m in Sources */,
				602A56DC2FC41E0D006191A9 /* PlistEditorViewController.m in Sources */,
				602A56DB2FC41E0D006191A9 /* NestedEditorViewController.m in Sources */,
				60CFF7972FBCCBED004CBF4B /* FileListTableViewController.m in Sources */,
				602A56CF2FC10223006191A9 /* SandboxFileManager.m in Sources */,
				602A56C62FC0CDA5006191A9 /* WindowSwitcherViewController.m in Sources */,
				60743ADA2FA742AC007B4BF4 /* FileNotification.m in Sources */,
				602A56DA2FC41E0D006191A9 /* ItemEditorViewController.m in Sources */,
				60CFF79A2FBCDAF1004CBF4B /* FileOpener.m in Sources */,
				60CFF7942FBCA530004CBF4B /* FileSelectionViewController.m in Sources */,
				60743A922FA74279007B4BF4 /* ViewController.m in Sources */,
				602A56D22FC1060F006191A9 /* FileOperationToolbar.m in Sources */,
				60743AD82FA742AC007B4BF4 /* SandboxTool.m in Sources */,
				60743A8C2FA74279007B4BF4 /* AppDelegate.m in Sources */,
				60CFF7862FB722C7004CBF4B /* HistoryManager.m in Sources */,
				602A56C92FC0D4C3006191A9 /* WindowCardCell.m in Sources */,
				60CFF6D82FB614E2004CBF4B /* RemarkManager.m in Sources */,
				60743ADB2FA742AC007B4BF4 /* FileListCell.m in Sources */,
				60CFF6E22FB6308F004CBF4B /* FilePreviewViewController.m in Sources */,
				60743A9D2FA7427B007B4BF4 /* main.m in Sources */,
				60CFF78B2FB73156004CBF4B /* RecycleBinViewController.m in Sources */,
				60CFF77C2FB71CA2004CBF4B /* FileSelectionManager.m in Sources */,
				60CFF7882FB722C7004CBF4B /* WindowManager.m in Sources */,
				60CFF7872FB722C7004CBF4B /* RecycleBinManager.m in Sources */,
				60CFF77F2FB722B3004CBF4B /* RootViewController.m in Sources */,
				60CFF7912FBC9489004CBF4B /* HistoryListViewController.m in Sources */,
				60743A8F2FA74279007B4BF4 /* SceneDelegate.m in Sources */,
				602A56CC2FC0E2E2006191A9 /* DockFlowLayout.m in Sources */,
				60743ADD2FA742AC007B4BF4 /* FavoriteManager.m in Sources */,
			);
			runOnlyForDeploymentPostprocessing = 0;
		};
/* End PBXSourcesBuildPhase section */

/* Begin PBXVariantGroup section */
		60743A932FA74279007B4BF4 /* Main.storyboard */ = {
			isa = PBXVariantGroup;
			children = (
				60743A942FA74279007B4BF4 /* Base */,
			);
			name = Main.storyboard;
			sourceTree = "<group>";
		};
		60743A982FA7427B007B4BF4 /* LaunchScreen.storyboard */ = {
			isa = PBXVariantGroup;
			children = (
				60743A992FA7427B007B4BF4 /* Base */,
			);
			name = LaunchScreen.storyboard;
			sourceTree = "<group>";
		};
/* End PBXVariantGroup section */

/* Begin XCBuildConfiguration section */
		60743AB42FA7427B007B4BF4 /* Debug */ = {
			isa = XCBuildConfiguration;
			buildSettings = {
				ALWAYS_SEARCH_USER_PATHS = NO;
				ASSETCATALOG_COMPILER_GENERATE_SWIFT_ASSET_SYMBOL_EXTENSIONS = YES;
				CLANG_ANALYZER_NONNULL = YES;
				CLANG_ANALYZER_NUMBER_OBJECT_CONVERSION = YES_AGGRESSIVE;
				CLANG_CXX_LANGUAGE_STANDARD = "gnu++20";
				CLANG_ENABLE_MODULES = YES;
				CLANG_ENABLE_OBJC_ARC = YES;
				CLANG_ENABLE_OBJC_WEAK = YES;
				CLANG_WARN_BLOCK_CAPTURE_AUTORELEASING = YES;
				CLANG_WARN_BOOL_CONVERSION = YES;
				CLANG_WARN_COMMA = YES;
				CLANG_WARN_CONSTANT_CONVERSION = YES;
				CLANG_WARN_DEPRECATED_OBJC_IMPLEMENTATIONS = YES;
				CLANG_WARN_DIRECT_OBJC_ISA_USAGE = YES_ERROR;
				CLANG_WARN_DOCUMENTATION_COMMENTS = YES;
				CLANG_WARN_EMPTY_BODY = YES;
				CLANG_WARN_ENUM_CONVERSION = YES;
				CLANG_WARN_INFINITE_RECURSION = YES;
				CLANG_WARN_INT_CONVERSION = YES;
				CLANG_WARN_NON_LITERAL_NULL_CONVERSION = YES;
				CLANG_WARN_OBJC_IMPLICIT_RETAIN_SELF = YES;
				CLANG_WARN_OBJC_LITERAL_CONVERSION = YES;
				CLANG_WARN_OBJC_ROOT_CLASS = YES_ERROR;
				CLANG_WARN_QUOTED_INCLUDE_IN_FRAMEWORK_HEADER = YES;
				CLANG_WARN_RANGE_LOOP_ANALYSIS = YES;
				CLANG_WARN_STRICT_PROTOTYPES = YES;
				CLANG_WARN_SUSPICIOUS_MOVE = YES;
				CLANG_WARN_UNGUARDED_AVAILABILITY = YES_AGGRESSIVE;
				CLANG_WARN_UNREACHABLE_CODE = YES;
				CLANG_WARN__DUPLICATE_METHOD_MATCH = YES;
				COPY_PHASE_STRIP = NO;
				DEBUG_INFORMATION_FORMAT = dwarf;
				ENABLE_STRICT_OBJC_MSGSEND = YES;
				ENABLE_TESTABILITY = YES;
				ENABLE_USER_SCRIPT_SANDBOXING = YES;
				GCC_C_LANGUAGE_STANDARD = gnu17;
				GCC_DYNAMIC_NO_PIC = NO;
				GCC_NO_COMMON_BLOCKS = YES;
				GCC_OPTIMIZATION_LEVEL = 0;
				GCC_PREPROCESSOR_DEFINITIONS = (
					"DEBUG=1",
					"$(inherited)",
				);
				GCC_WARN_64_TO_32_BIT_CONVERSION = YES;
				GCC_WARN_ABOUT_RETURN_TYPE = YES_ERROR;
				GCC_WARN_UNDECLARED_SELECTOR = YES;
				GCC_WARN_UNINITIALIZED_AUTOS = YES_AGGRESSIVE;
				GCC_WARN_UNUSED_FUNCTION = YES;
				GCC_WARN_UNUSED_VARIABLE = YES;
				IPHONEOS_DEPLOYMENT_TARGET = 17.2;
				LOCALIZATION_PREFERS_STRING_CATALOGS = YES;
				MTL_ENABLE_DEBUG_INFO = INCLUDE_SOURCE;
				MTL_FAST_MATH = YES;
				ONLY_ACTIVE_ARCH = YES;
				SDKROOT = iphoneos;
			};
			name = Debug;
		};
		60743AB52FA7427B007B4BF4 /* Release */ = {
			isa = XCBuildConfiguration;
			buildSettings = {
				ALWAYS_SEARCH_USER_PATHS = NO;
				ASSETCATALOG_COMPILER_GENERATE_SWIFT_ASSET_SYMBOL_EXTENSIONS = YES;
				CLANG_ANALYZER_NONNULL = YES;
				CLANG_ANALYZER_NUMBER_OBJECT_CONVERSION = YES_AGGRESSIVE;
				CLANG_CXX_LANGUAGE_STANDARD = "gnu++20";
				CLANG_ENABLE_MODULES = YES;
				CLANG_ENABLE_OBJC_ARC = YES;
				CLANG_ENABLE_OBJC_WEAK = YES;
				CLANG_WARN_BLOCK_CAPTURE_AUTORELEASING = YES;
				CLANG_WARN_BOOL_CONVERSION = YES;
				CLANG_WARN_COMMA = YES;
				CLANG_WARN_CONSTANT_CONVERSION = YES;
				CLANG_WARN_DEPRECATED_OBJC_IMPLEMENTATIONS = YES;
				CLANG_WARN_DIRECT_OBJC_ISA_USAGE = YES_ERROR;
				CLANG_WARN_DOCUMENTATION_COMMENTS = YES;
				CLANG_WARN_EMPTY_BODY = YES;
				CLANG_WARN_ENUM_CONVERSION = YES;
				CLANG_WARN_INFINITE_RECURSION = YES;
				CLANG_WARN_INT_CONVERSION = YES;
				CLANG_WARN_NON_LITERAL_NULL_CONVERSION = YES;
				CLANG_WARN_OBJC_IMPLICIT_RETAIN_SELF = YES;
				CLANG_WARN_OBJC_LITERAL_CONVERSION = YES;
				CLANG_WARN_OBJC_ROOT_CLASS = YES_ERROR;
				CLANG_WARN_QUOTED_INCLUDE_IN_FRAMEWORK_HEADER = YES;
				CLANG_WARN_RANGE_LOOP_ANALYSIS = YES;
				CLANG_WARN_STRICT_PROTOTYPES = YES;
				CLANG_WARN_SUSPICIOUS_MOVE = YES;
				CLANG_WARN_UNGUARDED_AVAILABILITY = YES_AGGRESSIVE;
				CLANG_WARN_UNREACHABLE_CODE = YES;
				CLANG_WARN__DUPLICATE_METHOD_MATCH = YES;
				COPY_PHASE_STRIP = NO;
				DEBUG_INFORMATION_FORMAT = "dwarf-with-dsym";
				ENABLE_NS_ASSERTIONS = NO;
				ENABLE_STRICT_OBJC_MSGSEND = YES;
				ENABLE_USER_SCRIPT_SANDBOXING = YES;
				GCC_C_LANGUAGE_STANDARD = gnu17;
				GCC_NO_COMMON_BLOCKS = YES;
				GCC_WARN_64_TO_32_BIT_CONVERSION = YES;
				GCC_WARN_ABOUT_RETURN_TYPE = YES_ERROR;
				GCC_WARN_UNDECLARED_SELECTOR = YES;
				GCC_WARN_UNINITIALIZED_AUTOS = YES_AGGRESSIVE;
				GCC_WARN_UNUSED_FUNCTION = YES;
				GCC_WARN_UNUSED_VARIABLE = YES;
				IPHONEOS_DEPLOYMENT_TARGET = 17.2;
				LOCALIZATION_PREFERS_STRING_CATALOGS = YES;
				MTL_ENABLE_DEBUG_INFO = NO;
				MTL_FAST_MATH = YES;
				SDKROOT = iphoneos;
				VALIDATE_PRODUCT = YES;
			};
			name = Release;
		};
		60743AB72FA7427B007B4BF4 /* Debug */ = {
			isa = XCBuildConfiguration;
			baseConfigurationReference = 996380A3E9504366D481485A /* Pods-SandboxFileManager.debug.xcconfig */;
			buildSettings = {
				ASSETCATALOG_COMPILER_APPICON_NAME = AppIcon;
				ASSETCATALOG_COMPILER_GLOBAL_ACCENT_COLOR_NAME = AccentColor;
				CODE_SIGN_STYLE = Automatic;
				CURRENT_PROJECT_VERSION = 1;
				DEVELOPMENT_TEAM = 7RVGRL9LRW;
				ENABLE_USER_SCRIPT_SANDBOXING = NO;
				GENERATE_INFOPLIST_FILE = YES;
				INFOPLIST_FILE = SandboxFileManager/Info.plist;
				INFOPLIST_KEY_UIApplicationSupportsIndirectInputEvents = YES;
				INFOPLIST_KEY_UILaunchStoryboardName = LaunchScreen;
				INFOPLIST_KEY_UIMainStoryboardFile = Main;
				INFOPLIST_KEY_UISupportedInterfaceOrientations_iPad = "UIInterfaceOrientationPortrait UIInterfaceOrientationPortraitUpsideDown UIInterfaceOrientationLandscapeLeft UIInterfaceOrientationLandscapeRight";
				INFOPLIST_KEY_UISupportedInterfaceOrientations_iPhone = "UIInterfaceOrientationPortrait UIInterfaceOrientationLandscapeLeft UIInterfaceOrientationLandscapeRight";
				IPHONEOS_DEPLOYMENT_TARGET = 14.1;
				LD_RUNPATH_SEARCH_PATHS = (
					"$(inherited)",
					"@executable_path/Frameworks",
				);
				MARKETING_VERSION = 1.0;
				OTHER_LDFLAGS = "-ObjC";
				PRODUCT_BUNDLE_IDENTIFIER = shisange.SandboxFileManager;
				PRODUCT_NAME = "$(TARGET_NAME)";
				SWIFT_EMIT_LOC_STRINGS = YES;
				TARGETED_DEVICE_FAMILY = "1,2";
			};
			name = Debug;
		};
		60743AB82FA7427B007B4BF4 /* Release */ = {
			isa = XCBuildConfiguration;
			baseConfigurationReference = E5E4A27F7719BF47B4185014 /* Pods-SandboxFileManager.release.xcconfig */;
			buildSettings = {
				ASSETCATALOG_COMPILER_APPICON_NAME = AppIcon;
				ASSETCATALOG_COMPILER_GLOBAL_ACCENT_COLOR_NAME = AccentColor;
				CODE_SIGN_STYLE = Automatic;
				CURRENT_PROJECT_VERSION = 1;
				DEVELOPMENT_TEAM = 7RVGRL9LRW;
				ENABLE_USER_SCRIPT_SANDBOXING = NO;
				GENERATE_INFOPLIST_FILE = YES;
				INFOPLIST_FILE = SandboxFileManager/Info.plist;
				INFOPLIST_KEY_UIApplicationSupportsIndirectInputEvents = YES;
				INFOPLIST_KEY_UILaunchStoryboardName = LaunchScreen;
				INFOPLIST_KEY_UIMainStoryboardFile = Main;
				INFOPLIST_KEY_UISupportedInterfaceOrientations_iPad = "UIInterfaceOrientationPortrait UIInterfaceOrientationPortraitUpsideDown UIInterfaceOrientationLandscapeLeft UIInterfaceOrientationLandscapeRight";
				INFOPLIST_KEY_UISupportedInterfaceOrientations_iPhone = "UIInterfaceOrientationPortrait UIInterfaceOrientationLandscapeLeft UIInterfaceOrientationLandscapeRight";
				IPHONEOS_DEPLOYMENT_TARGET = 14.1;
				LD_RUNPATH_SEARCH_PATHS = (
					"$(inherited)",
					"@executable_path/Frameworks",
				);
				MARKETING_VERSION = 1.0;
				OTHER_LDFLAGS = "-ObjC";
				PRODUCT_BUNDLE_IDENTIFIER = shisange.SandboxFileManager;
				PRODUCT_NAME = "$(TARGET_NAME)";
				SWIFT_EMIT_LOC_STRINGS = YES;
				TARGETED_DEVICE_FAMILY = "1,2";
			};
			name = Release;
		};
/* End XCBuildConfiguration section */

/* Begin XCConfigurationList section */
		60743A822FA74279007B4BF4 /* Build configuration list for PBXProject "SandboxFileManager" */ = {
			isa = XCConfigurationList;
			buildConfigurations = (
				60743AB42FA7427B007B4BF4 /* Debug */,
				60743AB52FA7427B007B4BF4 /* Release */,
			);
			defaultConfigurationIsVisible = 0;
			defaultConfigurationName = Release;
		};
		60743AB62FA7427B007B4BF4 /* Build configuration list for PBXNativeTarget "SandboxFileManager" */ = {
			isa = XCConfigurationList;
			buildConfigurations = (
				60743AB72FA7427B007B4BF4 /* Debug */,
				60743AB82FA7427B007B4BF4 /* Release */,
			);
			defaultConfigurationIsVisible = 0;
			defaultConfigurationName = Release;
		};
/* End XCConfigurationList section */
	};
	rootObject = 60743A7F2FA74279007B4BF4 /* Project object */;
}
